
Microsoft Visual Studio Solution File, Format Version 12.00
# Visual Studio Version 17
VisualStudioVersion = 17.8.34525.116
MinimumVisualStudioVersion = 10.0.40219.1
Project("{FAE04EC0-301F-11D3-BF4B-00C04F79EFBC}") = "Question 2", "Question 2\Question 2.csproj", "{8F7D901A-2336-403A-B933-8B9705DD514D}"
EndProject
Global
	GlobalSection(SolutionConfigurationPlatforms) = preSolution
		Debug|Any CPU = Debug|Any CPU
		Release|Any CPU = Release|Any CPU
	EndGlobalSection
	GlobalSection(ProjectConfigurationPlatforms) = postSolution
		{8F7D901A-2336-403A-B933-8B9705DD514D}.Debug|Any CPU.ActiveCfg = Debug|Any CPU
		{8F7D901A-2336-403A-B933-8B9705DD514D}.Debug|Any CPU.Build.0 = Debug|Any CPU
		{8F7D901A-2336-403A-B933-8B9705DD514D}.Release|Any CPU.ActiveCfg = Release|Any CPU
		{8F7D901A-2336-403A-B933-8B9705DD514D}.Release|Any CPU.Build.0 = Release|Any CPU
	EndGlobalSection
	GlobalSection(SolutionProperties) = preSolution
		HideSolutionNode = FALSE
	EndGlobalSection
	GlobalSection(ExtensibilityGlobals) = postSolution
		SolutionGuid = {02873E9D-52AD-4F9B-B0E0-894C201C143F}
	EndGlobalSection
EndGlobal
